Microsoft Visual Studio Solution File, Format Version 11.00
# Visual Studio 2008

Project("{1B267619-C481-2CC4-6EE2-81747884CA50}") = "v2", "Assembly-CSharp-firstpass.csproj", "{1BFED56C-E569-4FD8-A60B-5E1D566B05AC}"
EndProject
Project("{1B267619-C481-2CC4-6EE2-81747884CA50}") = "v2", "Assembly-CSharp.csproj", "{2890DEB9-A3F5-3B5E-C266-7AEEF5FB1254}"
EndProject
Project("{1B267619-C481-2CC4-6EE2-81747884CA50}") = "v2", "Assembly-UnityScript-firstpass.unityproj", "{9F4E0FA3-0AB3-7089-BF66-B57885986D43}"
EndProject
Project("{1B267619-C481-2CC4-6EE2-81747884CA50}") = "v2", "Assembly-UnityScript.unityproj", "{9BE75FDC-3508-1C31-4113-927670B33FDC}"
EndProject
Global
	GlobalSection(SolutionConfigurationPlatforms) = preSolution
		Debug|Any CPU = Debug|Any CPU
		Release|Any CPU = Release|Any CPU
	EndGlobalSection
	GlobalSection(ProjectConfigurationPlatforms) = postSolution
		{1BFED56C-E569-4FD8-A60B-5E1D566B05AC}.Debug|Any CPU.ActiveCfg = Debug|Any CPU
		{1BFED56C-E569-4FD8-A60B-5E1D566B05AC}.Debug|Any CPU.Build.0 = Debug|Any CPU
		{1BFED56C-E569-4FD8-A60B-5E1D566B05AC}.Release|Any CPU.ActiveCfg = Release|Any CPU
		{1BFED56C-E569-4FD8-A60B-5E1D566B05AC}.Release|Any CPU.Build.0 = Release|Any CPU
		{2890DEB9-A3F5-3B5E-C266-7AEEF5FB1254}.Debug|Any CPU.ActiveCfg = Debug|Any CPU
		{2890DEB9-A3F5-3B5E-C266-7AEEF5FB1254}.Debug|Any CPU.Build.0 = Debug|Any CPU
		{2890DEB9-A3F5-3B5E-C266-7AEEF5FB1254}.Release|Any CPU.ActiveCfg = Release|Any CPU
		{2890DEB9-A3F5-3B5E-C266-7AEEF5FB1254}.Release|Any CPU.Build.0 = Release|Any CPU
		{9F4E0FA3-0AB3-7089-BF66-B57885986D43}.Debug|Any CPU.ActiveCfg = Debug|Any CPU
		{9F4E0FA3-0AB3-7089-BF66-B57885986D43}.Debug|Any CPU.Build.0 = Debug|Any CPU
		{9F4E0FA3-0AB3-7089-BF66-B57885986D43}.Release|Any CPU.ActiveCfg = Release|Any CPU
		{9F4E0FA3-0AB3-7089-BF66-B57885986D43}.Release|Any CPU.Build.0 = Release|Any CPU
		{9BE75FDC-3508-1C31-4113-927670B33FDC}.Debug|Any CPU.ActiveCfg = Debug|Any CPU
		{9BE75FDC-3508-1C31-4113-927670B33FDC}.Debug|Any CPU.Build.0 = Debug|Any CPU
		{9BE75FDC-3508-1C31-4113-927670B33FDC}.Release|Any CPU.ActiveCfg = Release|Any CPU
		{9BE75FDC-3508-1C31-4113-927670B33FDC}.Release|Any CPU.Build.0 = Release|Any CPU
	EndGlobalSection
	GlobalSection(SolutionProperties) = preSolution
		HideSolutionNode = FALSE
	EndGlobalSection
								GlobalSection(MonoDevelopProperties) = preSolution
		StartupItem = Assembly-CSharp.csproj
		Policies = $0
		$0.TextStylePolicy = $1
		$1.inheritsSet = null
		$1.scope = text/x-csharp
		$0.CSharpFormattingPolicy = $2
		$2.inheritsSet = Mono
		$2.inheritsScope = text/x-csharp
		$2.scope = text/x-csharp
		$0.TextStylePolicy = $3
		$3.FileWidth = 120
		$3.TabWidth = 4
		$3.EolMarker = Unix
		$3.inheritsSet = Mono
		$3.inheritsScope = text/plain
		$3.scope = text/plain
	EndGlobalSection

EndGlobal
